
Microsoft Visual Studio Solution File, Format Version 12.00
# Visual Studio Version 17
VisualStudioVersion = 17.5.33530.505
MinimumVisualStudioVersion = 10.0.40219.1
Project("{8BC9CEB8-8B4A-11D0-8D11-00A0C91BC942}") = "HashTable", "HTable\HTable.vcxproj", "{685A97B2-D444-4235-A6EC-513211110FCD}"
EndProject
Project("{8BC9CEB8-8B4A-11D0-8D11-00A0C91BC942}") = "Tree", "Tree\Tree.vcxproj", "{23E7D1E5-81B0-40D4-B320-18503D98D86D}"
EndProject
Project("{8BC9CEB8-8B4A-11D0-8D11-00A0C91BC942}") = "Table", "ConsoleApplication1\ConsoleApplication1.vcxproj", "{75EF92B2-D39C-4273-BD76-2FF42F9118DE}"
EndProject
Global
	GlobalSection(SolutionConfigurationPlatforms) = preSolution
		Debug|x64 = Debug|x64
		Debug|x86 = Debug|x86
		Release|x64 = Release|x64
		Release|x86 = Release|x86
	EndGlobalSection
	GlobalSection(ProjectConfigurationPlatforms) = postSolution
		{685A97B2-D444-4235-A6EC-513211110FCD}.Debug|x64.ActiveCfg = Debug|x64
		{685A97B2-D444-4235-A6EC-513211110FCD}.Debug|x64.Build.0 = Debug|x64
		{685A97B2-D444-4235-A6EC-513211110FCD}.Debug|x86.ActiveCfg = Debug|Win32
		{685A97B2-D444-4235-A6EC-513211110FCD}.Debug|x86.Build.0 = Debug|Win32
		{685A97B2-D444-4235-A6EC-513211110FCD}.Release|x64.ActiveCfg = Release|x64
		{685A97B2-D444-4235-A6EC-513211110FCD}.Release|x64.Build.0 = Release|x64
		{685A97B2-D444-4235-A6EC-513211110FCD}.Release|x86.ActiveCfg = Release|Win32
		{685A97B2-D444-4235-A6EC-513211110FCD}.Release|x86.Build.0 = Release|Win32
		{23E7D1E5-81B0-40D4-B320-18503D98D86D}.Debug|x64.ActiveCfg = Debug|x64
		{23E7D1E5-81B0-40D4-B320-18503D98D86D}.Debug|x64.Build.0 = Debug|x64
		{23E7D1E5-81B0-40D4-B320-18503D98D86D}.Debug|x86.ActiveCfg = Debug|Win32
		{23E7D1E5-81B0-40D4-B320-18503D98D86D}.Debug|x86.Build.0 = Debug|Win32
		{23E7D1E5-81B0-40D4-B320-18503D98D86D}.Release|x64.ActiveCfg = Release|x64
		{23E7D1E5-81B0-40D4-B320-18503D98D86D}.Release|x64.Build.0 = Release|x64
		{23E7D1E5-81B0-40D4-B320-18503D98D86D}.Release|x86.ActiveCfg = Release|Win32
		{23E7D1E5-81B0-40D4-B320-18503D98D86D}.Release|x86.Build.0 = Release|Win32
		{75EF92B2-D39C-4273-BD76-2FF42F9118DE}.Debug|x64.ActiveCfg = Debug|x64
		{75EF92B2-D39C-4273-BD76-2FF42F9118DE}.Debug|x64.Build.0 = Debug|x64
		{75EF92B2-D39C-4273-BD76-2FF42F9118DE}.Debug|x86.ActiveCfg = Debug|Win32
		{75EF92B2-D39C-4273-BD76-2FF42F9118DE}.Debug|x86.Build.0 = Debug|Win32
		{75EF92B2-D39C-4273-BD76-2FF42F9118DE}.Release|x64.ActiveCfg = Release|x64
		{75EF92B2-D39C-4273-BD76-2FF42F9118DE}.Release|x64.Build.0 = Release|x64
		{75EF92B2-D39C-4273-BD76-2FF42F9118DE}.Release|x86.ActiveCfg = Release|Win32
		{75EF92B2-D39C-4273-BD76-2FF42F9118DE}.Release|x86.Build.0 = Release|Win32
	EndGlobalSection
	GlobalSection(SolutionProperties) = preSolution
		HideSolutionNode = FALSE
	EndGlobalSection
	GlobalSection(ExtensibilityGlobals) = postSolution
		SolutionGuid = {CD3085DC-F85D-47C1-8913-EE0DA3F43B05}
	EndGlobalSection
EndGlobal
